Microsoft Visual Studio Solution File, Format Version 12.00
# Visual Studio 15
VisualStudioVersion = 15.0.26228.4
MinimumVisualStudioVersion = 10.0.40219.1
Project("{8BC9CEB8-8B4A-11D0-8D11-00A0C91BC942}") = "ALL_BUILD", "ALL_BUILD.vcxproj", "{2918151F-2392-360C-8C7B-C78A90F167C7}"
	ProjectSection(ProjectDependencies) = postProject
		{5495E9B8-22B4-3C2B-9B58-22E37A7C416B} = {5495E9B8-22B4-3C2B-9B58-22E37A7C416B}
		{8E3F87A3-477A-3EE4-ADD0-2625A2970FD0} = {8E3F87A3-477A-3EE4-ADD0-2625A2970FD0}
		{DBE1D3F1-5A37-3BAB-A624-566BAE490A3D} = {DBE1D3F1-5A37-3BAB-A624-566BAE490A3D}
		{E4064B16-D371-34D5-B36F-DC744461E9D5} = {E4064B16-D371-34D5-B36F-DC744461E9D5}
	EndProjectSection
EndProject
Project("{8BC9CEB8-8B4A-11D0-8D11-00A0C91BC942}") = "ZERO_CHECK", "ZERO_CHECK.vcxproj", "{5495E9B8-22B4-3C2B-9B58-22E37A7C416B}"
EndProject
Project("{8BC9CEB8-8B4A-11D0-8D11-00A0C91BC942}") = "dfd", "dfd\dfd.vcxproj", "{8E3F87A3-477A-3EE4-ADD0-2625A2970FD0}"
	ProjectSection(ProjectDependencies) = postProject
		{5495E9B8-22B4-3C2B-9B58-22E37A7C416B} = {5495E9B8-22B4-3C2B-9B58-22E37A7C416B}
		{E4064B16-D371-34D5-B36F-DC744461E9D5} = {E4064B16-D371-34D5-B36F-DC744461E9D5}
	EndProjectSection
EndProject
Project("{8BC9CEB8-8B4A-11D0-8D11-00A0C91BC942}") = "fd", "fd.vcxproj", "{DBE1D3F1-5A37-3BAB-A624-566BAE490A3D}"
	ProjectSection(ProjectDependencies) = postProject
		{5495E9B8-22B4-3C2B-9B58-22E37A7C416B} = {5495E9B8-22B4-3C2B-9B58-22E37A7C416B}
		{8E3F87A3-477A-3EE4-ADD0-2625A2970FD0} = {8E3F87A3-477A-3EE4-ADD0-2625A2970FD0}
		{E4064B16-D371-34D5-B36F-DC744461E9D5} = {E4064B16-D371-34D5-B36F-DC744461E9D5}
	EndProjectSection
EndProject
Project("{8BC9CEB8-8B4A-11D0-8D11-00A0C91BC942}") = "table", "table\table.vcxproj", "{E4064B16-D371-34D5-B36F-DC744461E9D5}"
	ProjectSection(ProjectDependencies) = postProject
		{5495E9B8-22B4-3C2B-9B58-22E37A7C416B} = {5495E9B8-22B4-3C2B-9B58-22E37A7C416B}
	EndProjectSection
EndProject
Global
	GlobalSection(SolutionConfigurationPlatforms) = preSolution
		Debug|Win32 = Debug|Win32
		MinSizeRel|Win32 = MinSizeRel|Win32
		Release|Win32 = Release|Win32
		RelWithDebInfo|Win32 = RelWithDebInfo|Win32
	EndGlobalSection
	GlobalSection(ProjectConfigurationPlatforms) = postSolution
		{2918151F-2392-360C-8C7B-C78A90F167C7}.Debug|Win32.ActiveCfg = Debug|Win32
		{2918151F-2392-360C-8C7B-C78A90F167C7}.MinSizeRel|Win32.ActiveCfg = MinSizeRel|Win32
		{2918151F-2392-360C-8C7B-C78A90F167C7}.Release|Win32.ActiveCfg = Release|Win32
		{2918151F-2392-360C-8C7B-C78A90F167C7}.RelWithDebInfo|Win32.ActiveCfg = RelWithDebInfo|Win32
		{5495E9B8-22B4-3C2B-9B58-22E37A7C416B}.Debug|Win32.ActiveCfg = Debug|Win32
		{5495E9B8-22B4-3C2B-9B58-22E37A7C416B}.Debug|Win32.Build.0 = Debug|Win32
		{5495E9B8-22B4-3C2B-9B58-22E37A7C416B}.MinSizeRel|Win32.ActiveCfg = MinSizeRel|Win32
		{5495E9B8-22B4-3C2B-9B58-22E37A7C416B}.MinSizeRel|Win32.Build.0 = MinSizeRel|Win32
		{5495E9B8-22B4-3C2B-9B58-22E37A7C416B}.Release|Win32.ActiveCfg = Release|Win32
		{5495E9B8-22B4-3C2B-9B58-22E37A7C416B}.Release|Win32.Build.0 = Release|Win32
		{5495E9B8-22B4-3C2B-9B58-22E37A7C416B}.RelWithDebInfo|Win32.ActiveCfg = RelWithDebInfo|Win32
		{5495E9B8-22B4-3C2B-9B58-22E37A7C416B}.RelWithDebInfo|Win32.Build.0 = RelWithDebInfo|Win32
		{8E3F87A3-477A-3EE4-ADD0-2625A2970FD0}.Debug|Win32.ActiveCfg = Debug|Win32
		{8E3F87A3-477A-3EE4-ADD0-2625A2970FD0}.Debug|Win32.Build.0 = Debug|Win32
		{8E3F87A3-477A-3EE4-ADD0-2625A2970FD0}.MinSizeRel|Win32.ActiveCfg = MinSizeRel|Win32
		{8E3F87A3-477A-3EE4-ADD0-2625A2970FD0}.MinSizeRel|Win32.Build.0 = MinSizeRel|Win32
		{8E3F87A3-477A-3EE4-ADD0-2625A2970FD0}.Release|Win32.ActiveCfg = Release|Win32
		{8E3F87A3-477A-3EE4-ADD0-2625A2970FD0}.Release|Win32.Build.0 = Release|Win32
		{8E3F87A3-477A-3EE4-ADD0-2625A2970FD0}.RelWithDebInfo|Win32.ActiveCfg = RelWithDebInfo|Win32
		{8E3F87A3-477A-3EE4-ADD0-2625A2970FD0}.RelWithDebInfo|Win32.Build.0 = RelWithDebInfo|Win32
		{DBE1D3F1-5A37-3BAB-A624-566BAE490A3D}.Debug|Win32.ActiveCfg = Debug|Win32
		{DBE1D3F1-5A37-3BAB-A624-566BAE490A3D}.Debug|Win32.Build.0 = Debug|Win32
		{DBE1D3F1-5A37-3BAB-A624-566BAE490A3D}.MinSizeRel|Win32.ActiveCfg = MinSizeRel|Win32
		{DBE1D3F1-5A37-3BAB-A624-566BAE490A3D}.MinSizeRel|Win32.Build.0 = MinSizeRel|Win32
		{DBE1D3F1-5A37-3BAB-A624-566BAE490A3D}.Release|Win32.ActiveCfg = Release|Win32
		{DBE1D3F1-5A37-3BAB-A624-566BAE490A3D}.Release|Win32.Build.0 = Release|Win32
		{DBE1D3F1-5A37-3BAB-A624-566BAE490A3D}.RelWithDebInfo|Win32.ActiveCfg = RelWithDebInfo|Win32
		{DBE1D3F1-5A37-3BAB-A624-566BAE490A3D}.RelWithDebInfo|Win32.Build.0 = RelWithDebInfo|Win32
		{E4064B16-D371-34D5-B36F-DC744461E9D5}.Debug|Win32.ActiveCfg = Debug|Win32
		{E4064B16-D371-34D5-B36F-DC744461E9D5}.Debug|Win32.Build.0 = Debug|Win32
		{E4064B16-D371-34D5-B36F-DC744461E9D5}.MinSizeRel|Win32.ActiveCfg = MinSizeRel|Win32
		{E4064B16-D371-34D5-B36F-DC744461E9D5}.MinSizeRel|Win32.Build.0 = MinSizeRel|Win32
		{E4064B16-D371-34D5-B36F-DC744461E9D5}.Release|Win32.ActiveCfg = Release|Win32
		{E4064B16-D371-34D5-B36F-DC744461E9D5}.Release|Win32.Build.0 = Release|Win32
		{E4064B16-D371-34D5-B36F-DC744461E9D5}.RelWithDebInfo|Win32.ActiveCfg = RelWithDebInfo|Win32
		{E4064B16-D371-34D5-B36F-DC744461E9D5}.RelWithDebInfo|Win32.Build.0 = RelWithDebInfo|Win32
	EndGlobalSection
	GlobalSection(SolutionProperties) = preSolution
		HideSolutionNode = FALSE
	EndGlobalSection
	GlobalSection(ExtensibilityGlobals) = postSolution
		SolutionGuid = {B55DB8D8-D9D0-3645-BE7E-DCD5A6AB37EA}
	EndGlobalSection
EndGlobal
